<?xml version="1.0" encoding="utf-8"?>
<Project ToolsVersion="4.0" xmlns="http://schemas.microsoft.com/developer/msbuild/2003">
  <ItemGroup>
    <ClCompile Include="..\src\main.cpp" />
    <ClCompile Include="..\src\DynamicModuleLoader.cpp" />
    <ClCompile Include="..\src\MediapipeHandTrackingDll.cpp" />
    <ClCompile Include="..\src\MediapipeHolisticTrackingDll.cpp" />
  </ItemGroup>
  <ItemGroup>
    <ClInclude Include="..\src\DynamicModuleLoader.h" />
    <ClInclude Include="..\src\MediapipeHandTrackingDll.h" />
    <ClInclude Include="..\src\MediapipeHolisticTrackingDll.h" />
  </ItemGroup>
</Project>